
Microsoft Visual Studio Solution File, Format Version 12.00
# Visual Studio Version 17
VisualStudioVersion = 17.4.33213.308
MinimumVisualStudioVersion = 10.0.40219.1
Project("{9A19103F-16F7-4668-BE54-9A1E7A4F7556}") = "Application2", "Application2\Application2.csproj", "{F01CD047-1987-44D4-8B19-46586A1E3634}"
EndProject
Project("{9A19103F-16F7-4668-BE54-9A1E7A4F7556}") = "Application1", "Application1\Application1.csproj", "{07FE80B9-6E18-4109-876C-A861EE1118F6}"
EndProject
Project("{9A19103F-16F7-4668-BE54-9A1E7A4F7556}") = "FibonacciCalculation", "FibonacciCalculation\FibonacciCalculation.csproj", "{67217516-EC34-4545-9A14-259256FE60C8}"
EndProject
Project("{FAE04EC0-301F-11D3-BF4B-00C04F79EFBC}") = "Transport", "Transport\Transport.csproj", "{E710EBC7-54A6-4481-B6AF-CEC2A5625135}"
EndProject
Global
	GlobalSection(SolutionConfigurationPlatforms) = preSolution
		Debug|Any CPU = Debug|Any CPU
		Release|Any CPU = Release|Any CPU
	EndGlobalSection
	GlobalSection(ProjectConfigurationPlatforms) = postSolution
		{F01CD047-1987-44D4-8B19-46586A1E3634}.Debug|Any CPU.ActiveCfg = Debug|Any CPU
		{F01CD047-1987-44D4-8B19-46586A1E3634}.Debug|Any CPU.Build.0 = Debug|Any CPU
		{F01CD047-1987-44D4-8B19-46586A1E3634}.Release|Any CPU.ActiveCfg = Release|Any CPU
		{F01CD047-1987-44D4-8B19-46586A1E3634}.Release|Any CPU.Build.0 = Release|Any CPU
		{07FE80B9-6E18-4109-876C-A861EE1118F6}.Debug|Any CPU.ActiveCfg = Debug|Any CPU
		{07FE80B9-6E18-4109-876C-A861EE1118F6}.Debug|Any CPU.Build.0 = Debug|Any CPU
		{07FE80B9-6E18-4109-876C-A861EE1118F6}.Release|Any CPU.ActiveCfg = Release|Any CPU
		{07FE80B9-6E18-4109-876C-A861EE1118F6}.Release|Any CPU.Build.0 = Release|Any CPU
		{67217516-EC34-4545-9A14-259256FE60C8}.Debug|Any CPU.ActiveCfg = Debug|Any CPU
		{67217516-EC34-4545-9A14-259256FE60C8}.Debug|Any CPU.Build.0 = Debug|Any CPU
		{67217516-EC34-4545-9A14-259256FE60C8}.Release|Any CPU.ActiveCfg = Release|Any CPU
		{67217516-EC34-4545-9A14-259256FE60C8}.Release|Any CPU.Build.0 = Release|Any CPU
		{E710EBC7-54A6-4481-B6AF-CEC2A5625135}.Debug|Any CPU.ActiveCfg = Debug|Any CPU
		{E710EBC7-54A6-4481-B6AF-CEC2A5625135}.Debug|Any CPU.Build.0 = Debug|Any CPU
		{E710EBC7-54A6-4481-B6AF-CEC2A5625135}.Release|Any CPU.ActiveCfg = Release|Any CPU
		{E710EBC7-54A6-4481-B6AF-CEC2A5625135}.Release|Any CPU.Build.0 = Release|Any CPU
	EndGlobalSection
	GlobalSection(SolutionProperties) = preSolution
		HideSolutionNode = FALSE
	EndGlobalSection
	GlobalSection(ExtensibilityGlobals) = postSolution
		SolutionGuid = {4C7AB466-9840-41D4-80F6-F5E6D31682E0}
	EndGlobalSection
EndGlobal
